# This file is autogenerated, do not edit; changes may be undone by the next 'dep ensure'.


[[projects]]
  name = "code.cloudfoundry.org/lager"
  packages = ["."]
  revision = "0bfa98e49e7a976af91e918d47978f07c00b081f"
  version = "v1.0.0"

[[projects]]
  branch = "master"
  name = "github.com/bmizerany/pat"
  packages = ["."]
  revision = "6226ea591a40176dd3ff9cd8eff81ed6ca721a00"

[[projects]]
  branch = "master"
  name = "github.com/concourse/atc"
  packages = [".","event"]
  revision = "e64f4670909da4829268b3c52068fb9cb3a30482"

[[projects]]
  branch = "master"
  name = "github.com/concourse/go-concourse"
  packages = ["concourse","concourse/eventstream","concourse/internal"]
  revision = "58ac1a2a029efe9945e5111c389644a97f36b7c9"

[[projects]]
  branch = "master"
  name = "github.com/concourse/skymarshal"
  packages = ["provider"]
  revision = "add4b8d86b82dcfccf30805cf3b7424514c1b079"

[[projects]]
  name = "github.com/golang/protobuf"
  packages = ["proto"]
  revision = "925541529c1fa6821df4e44ce2723319eb2be768"
  version = "v1.0.0"

[[projects]]
  name = "github.com/google/jsonapi"
  packages = ["."]
  revision = "46d3ced0434461be12e555852e2f1a9ed382e139"
  version = "1.0.0"

[[projects]]
  branch = "master"
  name = "github.com/hashicorp/errwrap"
  packages = ["."]
  revision = "7554cd9344cec97297fa6649b055a8c98c2a1e55"

[[projects]]
  branch = "master"
  name = "github.com/hashicorp/go-multierror"
  packages = ["."]
  revision = "b7773ae218740a7be65057fc60b366a49b538a44"

[[projects]]
  name = "github.com/jessevdk/go-flags"
  packages = ["."]
  revision = "96dc06278ce32a0e9d957d590bb987c81ee66407"
  version = "v1.3.0"

[[projects]]
  branch = "master"
  name = "github.com/mitchellh/mapstructure"
  packages = ["."]
  revision = "00c29f56e2386353d58c599509e8dc3801b0d716"

[[projects]]
  name = "github.com/peterhellberg/link"
  packages = ["."]
  revision = "d1cebc7ea14a5fc0de7cb4a45acae773161642c6"
  version = "v1.0.0"

[[projects]]
  name = "github.com/tedsuo/rata"
  packages = ["."]
  revision = "0649c23705dfb45a9693b668c4fc1c0666f485d9"
  version = "v1.0.0"

[[projects]]
  branch = "master"
  name = "github.com/vito/go-sse"
  packages = ["sse"]
  revision = "fd69d275caac5d78d793e77ddbe9bd2001d9b88d"

[[projects]]
  branch = "master"
  name = "golang.org/x/net"
  packages = ["context","context/ctxhttp"]
  revision = "cbe0f9307d0156177f9dd5dc85da1a31abc5f2fb"

[[projects]]
  branch = "master"
  name = "golang.org/x/oauth2"
  packages = [".","internal"]
  revision = "2f32c3ac0fa4fb807a0fcefb0b6f2468a0d99bd0"

[[projects]]
  name = "google.golang.org/appengine"
  packages = ["internal","internal/base","internal/datastore","internal/log","internal/remote_api","internal/urlfetch","urlfetch"]
  revision = "150dc57a1b433e64154302bdc40b6bb8aefa313a"
  version = "v1.0.0"

[[projects]]
  name = "gopkg.in/yaml.v2"
  packages = ["."]
  revision = "7f97868eec74b32b0982dd158a51a446d1da7eb5"
  version = "v2.1.1"

[solve-meta]
  analyzer-name = "dep"
  analyzer-version = 1
  inputs-digest = "f9941d9983ce1d943037ca542e9027fd6752194a1d12542c3b3965a5f88f4cd8"
  solver-name = "gps-cdcl"
  solver-version = 1
